
Microsoft Visual Studio Solution File, Format Version 12.00
# Visual Studio Version 17
VisualStudioVersion = 17.5.33424.131
MinimumVisualStudioVersion = 10.0.40219.1
Project("{8BC9CEB8-8B4A-11D0-8D11-00A0C91BC942}") = "ActivityStructure_128", "ActivityStructure_128\ActivityStructure_128.vcxproj", "{813E4ACD-D0E4-4B63-A81C-1DA05B647684}"
EndProject
Project("{8BC9CEB8-8B4A-11D0-8D11-00A0C91BC942}") = "structre2", "structre2\structre2.vcxproj", "{C04BF566-B008-41EE-8B9C-5C3B984A823E}"
EndProject
Project("{8BC9CEB8-8B4A-11D0-8D11-00A0C91BC942}") = "Structure3", "Structure3\Structure3.vcxproj", "{7F37CE80-7C68-412F-9539-FFA1B97E3C9B}"
EndProject
Global
	GlobalSection(SolutionConfigurationPlatforms) = preSolution
		Debug|x64 = Debug|x64
		Debug|x86 = Debug|x86
		Release|x64 = Release|x64
		Release|x86 = Release|x86
	EndGlobalSection
	GlobalSection(ProjectConfigurationPlatforms) = postSolution
		{813E4ACD-D0E4-4B63-A81C-1DA05B647684}.Debug|x64.ActiveCfg = Debug|x64
		{813E4ACD-D0E4-4B63-A81C-1DA05B647684}.Debug|x64.Build.0 = Debug|x64
		{813E4ACD-D0E4-4B63-A81C-1DA05B647684}.Debug|x86.ActiveCfg = Debug|Win32
		{813E4ACD-D0E4-4B63-A81C-1DA05B647684}.Debug|x86.Build.0 = Debug|Win32
		{813E4ACD-D0E4-4B63-A81C-1DA05B647684}.Release|x64.ActiveCfg = Release|x64
		{813E4ACD-D0E4-4B63-A81C-1DA05B647684}.Release|x64.Build.0 = Release|x64
		{813E4ACD-D0E4-4B63-A81C-1DA05B647684}.Release|x86.ActiveCfg = Release|Win32
		{813E4ACD-D0E4-4B63-A81C-1DA05B647684}.Release|x86.Build.0 = Release|Win32
		{C04BF566-B008-41EE-8B9C-5C3B984A823E}.Debug|x64.ActiveCfg = Debug|x64
		{C04BF566-B008-41EE-8B9C-5C3B984A823E}.Debug|x64.Build.0 = Debug|x64
		{C04BF566-B008-41EE-8B9C-5C3B984A823E}.Debug|x86.ActiveCfg = Debug|Win32
		{C04BF566-B008-41EE-8B9C-5C3B984A823E}.Debug|x86.Build.0 = Debug|Win32
		{C04BF566-B008-41EE-8B9C-5C3B984A823E}.Release|x64.ActiveCfg = Release|x64
		{C04BF566-B008-41EE-8B9C-5C3B984A823E}.Release|x64.Build.0 = Release|x64
		{C04BF566-B008-41EE-8B9C-5C3B984A823E}.Release|x86.ActiveCfg = Release|Win32
		{C04BF566-B008-41EE-8B9C-5C3B984A823E}.Release|x86.Build.0 = Release|Win32
		{7F37CE80-7C68-412F-9539-FFA1B97E3C9B}.Debug|x64.ActiveCfg = Debug|x64
		{7F37CE80-7C68-412F-9539-FFA1B97E3C9B}.Debug|x64.Build.0 = Debug|x64
		{7F37CE80-7C68-412F-9539-FFA1B97E3C9B}.Debug|x86.ActiveCfg = Debug|Win32
		{7F37CE80-7C68-412F-9539-FFA1B97E3C9B}.Debug|x86.Build.0 = Debug|Win32
		{7F37CE80-7C68-412F-9539-FFA1B97E3C9B}.Release|x64.ActiveCfg = Release|x64
		{7F37CE80-7C68-412F-9539-FFA1B97E3C9B}.Release|x64.Build.0 = Release|x64
		{7F37CE80-7C68-412F-9539-FFA1B97E3C9B}.Release|x86.ActiveCfg = Release|Win32
		{7F37CE80-7C68-412F-9539-FFA1B97E3C9B}.Release|x86.Build.0 = Release|Win32
	EndGlobalSection
	GlobalSection(SolutionProperties) = preSolution
		HideSolutionNode = FALSE
	EndGlobalSection
	GlobalSection(ExtensibilityGlobals) = postSolution
		SolutionGuid = {E2D8C3DD-EBC8-4F9C-8DA4-DEE6754B3E34}
	EndGlobalSection
EndGlobal
